
Microsoft Visual Studio Solution File, Format Version 12.00
# Visual Studio Version 17
VisualStudioVersion = 17.4.33213.308
MinimumVisualStudioVersion = 10.0.40219.1
Project("{FAE04EC0-301F-11D3-BF4B-00C04F79EFBC}") = "Zaone_Incubator_Management_System.Android", "Zaone_Incubator_Management_System.Android\Zaone_Incubator_Management_System.Android.csproj", "{57B4AC0E-EAD3-4CC7-8B10-52E4282308E9}"
EndProject
Project("{FAE04EC0-301F-11D3-BF4B-00C04F79EFBC}") = "Zaone_Incubator_Management_System.iOS", "Zaone_Incubator_Management_System.iOS\Zaone_Incubator_Management_System.iOS.csproj", "{7139BF37-F964-4CBC-AFF9-973150DFD79A}"
EndProject
Project("{FAE04EC0-301F-11D3-BF4B-00C04F79EFBC}") = "Zaone_Incubator_Management_System", "Zaone_Incubator_Management_System\Zaone_Incubator_Management_System.csproj", "{ECD7EB08-48EF-4CE8-A533-8ADEAD68A78C}"
EndProject
Global
	GlobalSection(SolutionConfigurationPlatforms) = preSolution
		Debug|Any CPU = Debug|Any CPU
		Debug|iPhone = Debug|iPhone
		Debug|iPhoneSimulator = Debug|iPhoneSimulator
		Release|Any CPU = Release|Any CPU
		Release|iPhone = Release|iPhone
		Release|iPhoneSimulator = Release|iPhoneSimulator
	EndGlobalSection
	GlobalSection(ProjectConfigurationPlatforms) = postSolution
		{57B4AC0E-EAD3-4CC7-8B10-52E4282308E9}.Debug|Any CPU.ActiveCfg = Debug|Any CPU
		{57B4AC0E-EAD3-4CC7-8B10-52E4282308E9}.Debug|Any CPU.Build.0 = Debug|Any CPU
		{57B4AC0E-EAD3-4CC7-8B10-52E4282308E9}.Debug|Any CPU.Deploy.0 = Debug|Any CPU
		{57B4AC0E-EAD3-4CC7-8B10-52E4282308E9}.Debug|iPhone.ActiveCfg = Debug|Any CPU
		{57B4AC0E-EAD3-4CC7-8B10-52E4282308E9}.Debug|iPhone.Build.0 = Debug|Any CPU
		{57B4AC0E-EAD3-4CC7-8B10-52E4282308E9}.Debug|iPhone.Deploy.0 = Debug|Any CPU
		{57B4AC0E-EAD3-4CC7-8B10-52E4282308E9}.Debug|iPhoneSimulator.ActiveCfg = Debug|Any CPU
		{57B4AC0E-EAD3-4CC7-8B10-52E4282308E9}.Debug|iPhoneSimulator.Build.0 = Debug|Any CPU
		{57B4AC0E-EAD3-4CC7-8B10-52E4282308E9}.Debug|iPhoneSimulator.Deploy.0 = Debug|Any CPU
		{57B4AC0E-EAD3-4CC7-8B10-52E4282308E9}.Release|Any CPU.ActiveCfg = Release|Any CPU
		{57B4AC0E-EAD3-4CC7-8B10-52E4282308E9}.Release|Any CPU.Build.0 = Release|Any CPU
		{57B4AC0E-EAD3-4CC7-8B10-52E4282308E9}.Release|Any CPU.Deploy.0 = Release|Any CPU
		{57B4AC0E-EAD3-4CC7-8B10-52E4282308E9}.Release|iPhone.ActiveCfg = Release|Any CPU
		{57B4AC0E-EAD3-4CC7-8B10-52E4282308E9}.Release|iPhone.Build.0 = Release|Any CPU
		{57B4AC0E-EAD3-4CC7-8B10-52E4282308E9}.Release|iPhone.Deploy.0 = Release|Any CPU
		{57B4AC0E-EAD3-4CC7-8B10-52E4282308E9}.Release|iPhoneSimulator.ActiveCfg = Release|Any CPU
		{57B4AC0E-EAD3-4CC7-8B10-52E4282308E9}.Release|iPhoneSimulator.Build.0 = Release|Any CPU
		{57B4AC0E-EAD3-4CC7-8B10-52E4282308E9}.Release|iPhoneSimulator.Deploy.0 = Release|Any CPU
		{7139BF37-F964-4CBC-AFF9-973150DFD79A}.Debug|Any CPU.ActiveCfg = Debug|iPhone
		{7139BF37-F964-4CBC-AFF9-973150DFD79A}.Debug|Any CPU.Build.0 = Debug|iPhone
		{7139BF37-F964-4CBC-AFF9-973150DFD79A}.Debug|Any CPU.Deploy.0 = Debug|iPhone
		{7139BF37-F964-4CBC-AFF9-973150DFD79A}.Debug|iPhone.ActiveCfg = Debug|iPhone
		{7139BF37-F964-4CBC-AFF9-973150DFD79A}.Debug|iPhone.Build.0 = Debug|iPhone
		{7139BF37-F964-4CBC-AFF9-973150DFD79A}.Debug|iPhone.Deploy.0 = Debug|iPhone
		{7139BF37-F964-4CBC-AFF9-973150DFD79A}.Debug|iPhoneSimulator.ActiveCfg = Debug|iPhoneSimulator
		{7139BF37-F964-4CBC-AFF9-973150DFD79A}.Debug|iPhoneSimulator.Build.0 = Debug|iPhoneSimulator
		{7139BF37-F964-4CBC-AFF9-973150DFD79A}.Debug|iPhoneSimulator.Deploy.0 = Debug|iPhoneSimulator
		{7139BF37-F964-4CBC-AFF9-973150DFD79A}.Release|Any CPU.ActiveCfg = Release|iPhoneSimulator
		{7139BF37-F964-4CBC-AFF9-973150DFD79A}.Release|Any CPU.Build.0 = Release|iPhoneSimulator
		{7139BF37-F964-4CBC-AFF9-973150DFD79A}.Release|Any CPU.Deploy.0 = Release|iPhoneSimulator
		{7139BF37-F964-4CBC-AFF9-973150DFD79A}.Release|iPhone.ActiveCfg = Release|iPhone
		{7139BF37-F964-4CBC-AFF9-973150DFD79A}.Release|iPhone.Build.0 = Release|iPhone
		{7139BF37-F964-4CBC-AFF9-973150DFD79A}.Release|iPhone.Deploy.0 = Release|iPhone
		{7139BF37-F964-4CBC-AFF9-973150DFD79A}.Release|iPhoneSimulator.ActiveCfg = Release|iPhoneSimulator
		{7139BF37-F964-4CBC-AFF9-973150DFD79A}.Release|iPhoneSimulator.Build.0 = Release|iPhoneSimulator
		{7139BF37-F964-4CBC-AFF9-973150DFD79A}.Release|iPhoneSimulator.Deploy.0 = Release|iPhoneSimulator
		{ECD7EB08-48EF-4CE8-A533-8ADEAD68A78C}.Debug|Any CPU.ActiveCfg = Debug|Any CPU
		{ECD7EB08-48EF-4CE8-A533-8ADEAD68A78C}.Debug|Any CPU.Build.0 = Debug|Any CPU
		{ECD7EB08-48EF-4CE8-A533-8ADEAD68A78C}.Debug|Any CPU.Deploy.0 = Debug|Any CPU
		{ECD7EB08-48EF-4CE8-A533-8ADEAD68A78C}.Debug|iPhone.ActiveCfg = Debug|Any CPU
		{ECD7EB08-48EF-4CE8-A533-8ADEAD68A78C}.Debug|iPhone.Build.0 = Debug|Any CPU
		{ECD7EB08-48EF-4CE8-A533-8ADEAD68A78C}.Debug|iPhone.Deploy.0 = Debug|Any CPU
		{ECD7EB08-48EF-4CE8-A533-8ADEAD68A78C}.Debug|iPhoneSimulator.ActiveCfg = Debug|Any CPU
		{ECD7EB08-48EF-4CE8-A533-8ADEAD68A78C}.Debug|iPhoneSimulator.Build.0 = Debug|Any CPU
		{ECD7EB08-48EF-4CE8-A533-8ADEAD68A78C}.Debug|iPhoneSimulator.Deploy.0 = Debug|Any CPU
		{ECD7EB08-48EF-4CE8-A533-8ADEAD68A78C}.Release|Any CPU.ActiveCfg = Release|Any CPU
		{ECD7EB08-48EF-4CE8-A533-8ADEAD68A78C}.Release|Any CPU.Build.0 = Release|Any CPU
		{ECD7EB08-48EF-4CE8-A533-8ADEAD68A78C}.Release|Any CPU.Deploy.0 = Release|Any CPU
		{ECD7EB08-48EF-4CE8-A533-8ADEAD68A78C}.Release|iPhone.ActiveCfg = Release|Any CPU
		{ECD7EB08-48EF-4CE8-A533-8ADEAD68A78C}.Release|iPhone.Build.0 = Release|Any CPU
		{ECD7EB08-48EF-4CE8-A533-8ADEAD68A78C}.Release|iPhone.Deploy.0 = Release|Any CPU
		{ECD7EB08-48EF-4CE8-A533-8ADEAD68A78C}.Release|iPhoneSimulator.ActiveCfg = Release|Any CPU
		{ECD7EB08-48EF-4CE8-A533-8ADEAD68A78C}.Release|iPhoneSimulator.Build.0 = Release|Any CPU
		{ECD7EB08-48EF-4CE8-A533-8ADEAD68A78C}.Release|iPhoneSimulator.Deploy.0 = Release|Any CPU
	EndGlobalSection
	GlobalSection(SolutionProperties) = preSolution
		HideSolutionNode = FALSE
	EndGlobalSection
	GlobalSection(ExtensibilityGlobals) = postSolution
		SolutionGuid = {6E58B338-D9C2-44C8-B57A-8575C5181AE4}
	EndGlobalSection
EndGlobal
